
Microsoft Visual Studio Solution File, Format Version 12.00
# Visual Studio Version 18
VisualStudioVersion = 18.2.11430.68
MinimumVisualStudioVersion = 10.0.40219.1
Project("{FAE04EC0-301F-11D3-BF4B-00C04F79EFBC}") = "expenses-api", "expenses-api.csproj", "{E8CFBE2B-C193-E156-7E6F-CFC2EBD92478}"
EndProject
Project("{2150E333-8FDC-42A3-9474-1A3956D46DE8}") = "deployment", "deployment", "{C9620473-3CDB-44CC-988E-7A0205526C39}"
	ProjectSection(SolutionItems) = preProject
		deployment-notes.md = deployment-notes.md
	EndProjectSection
EndProject
Global
	GlobalSection(SolutionConfigurationPlatforms) = preSolution
		Debug|Any CPU = Debug|Any CPU
		Release|Any CPU = Release|Any CPU
	EndGlobalSection
	GlobalSection(ProjectConfigurationPlatforms) = postSolution
		{E8CFBE2B-C193-E156-7E6F-CFC2EBD92478}.Debug|Any CPU.ActiveCfg = Debug|Any CPU
		{E8CFBE2B-C193-E156-7E6F-CFC2EBD92478}.Debug|Any CPU.Build.0 = Debug|Any CPU
		{E8CFBE2B-C193-E156-7E6F-CFC2EBD92478}.Release|Any CPU.ActiveCfg = Release|Any CPU
		{E8CFBE2B-C193-E156-7E6F-CFC2EBD92478}.Release|Any CPU.Build.0 = Release|Any CPU
	EndGlobalSection
	GlobalSection(SolutionProperties) = preSolution
		HideSolutionNode = FALSE
	EndGlobalSection
	GlobalSection(ExtensibilityGlobals) = postSolution
		SolutionGuid = {4321E6F6-42F0-4248-9F57-8C4A02A7B182}
	EndGlobalSection
EndGlobal
